// !$*UTF8*$!
{
	archiveVersion = 1;
	classes = {
	};
	objectVersion = 50;
	objects = {

/* Begin PBXBuildFile section */
		5557BFA5285876420024F2B3 /* AppDelegate.swift in Sources */ = {isa = PBXBuildFile; fileRef = 5557BFA4285876420024F2B3 /* AppDelegate.swift */; };
		5557BFA7285876420024F2B3 /* SceneDelegate.swift in Sources */ = {isa = PBXBuildFile; fileRef = 5557BFA6285876420024F2B3 /* SceneDelegate.swift */; };
		5557BFAC285876420024F2B3 /* Main.storyboard in Resources */ = {isa = PBXBuildFile; fileRef = 5557BFAA285876420024F2B3 /* Main.storyboard */; };
		5557BFAE285876440024F2B3 /* Assets.xcassets in Resources */ = {isa = PBXBuildFile; fileRef = 5557BFAD285876440024F2B3 /* Assets.xcassets */; };
		5557BFB1285876440024F2B3 /* LaunchScreen.storyboard in Resources */ = {isa = PBXBuildFile; fileRef = 5557BFAF285876440024F2B3 /* LaunchScreen.storyboard */; };
		5557BFB9285876BC0024F2B3 /* MainViewController.swift in Sources */ = {isa = PBXBuildFile; fileRef = 5557BFB8285876BC0024F2B3 /* MainViewController.swift */; };
		5557BFBB285963F20024F2B3 /* MyInformation.swift in Sources */ = {isa = PBXBuildFile; fileRef = 5557BFBA285963F20024F2B3 /* MyInformation.swift */; };
		5557BFBD285964380024F2B3 /* PostUserModel.swift in Sources */ = {isa = PBXBuildFile; fileRef = 5557BFBC285964380024F2B3 /* PostUserModel.swift */; };
		5557BFBF2859649F0024F2B3 /* MyInformationTableViewCell.swift in Sources */ = {isa = PBXBuildFile; fileRef = 5557BFBE2859649F0024F2B3 /* MyInformationTableViewCell.swift */; };
/* End PBXBuildFile section */

/* Begin PBXFileReference section */
		5557BFA1285876420024F2B3 /* Postpractice_PJ.app */ = {isa = PBXFileReference; explicitFileType = wrapper.application; includeInIndex = 0; path = Postpractice_PJ.app; sourceTree = BUILT_PRODUCTS_DIR; };
		5557BFA4285876420024F2B3 /* AppDelegate.swift */ = {isa = PBXFileReference; lastKnownFileType = sourcecode.swift; path = AppDelegate.swift; sourceTree = "<group>"; };
		5557BFA6285876420024F2B3 /* SceneDelegate.swift */ = {isa = PBXFileReference; lastKnownFileType = sourcecode.swift; path = SceneDelegate.swift; sourceTree = "<group>"; };
		5557BFAB285876420024F2B3 /* Base */ = {isa = PBXFileReference; lastKnownFileType = file.storyboard; name = Base; path = Base.lproj/Main.storyboard; sourceTree = "<group>"; };
		5557BFAD285876440024F2B3 /* Assets.xcassets */ = {isa = PBXFileReference; lastKnownFileType = folder.assetcatalog; path = Assets.xcassets; sourceTree = "<group>"; };
		5557BFB0285876440024F2B3 /* Base */ = {isa = PBXFileReference; lastKnownFileType = file.storyboard; name = Base; path = Base.lproj/LaunchScreen.storyboard; sourceTree = "<group>"; };
		5557BFB2285876440024F2B3 /* Info.plist */ = {isa = PBXFileReference; lastKnownFileType = text.plist.xml; path = Info.plist; sourceTree = "<group>"; };
		5557BFB8285876BC0024F2B3 /* MainViewController.swift */ = {isa = PBXFileReference; lastKnownFileType = sourcecode.swift; path = MainViewController.swift; sourceTree = "<group>"; };
		5557BFBA285963F20024F2B3 /* MyInformation.swift */ = {isa = PBXFileReference; lastKnownFileType = sourcecode.swift; path = MyInformation.swift; sourceTree = "<group>"; };
		5557BFBC285964380024F2B3 /* PostUserModel.swift */ = {isa = PBXFileReference; lastKnownFileType = sourcecode.swift; path = PostUserModel.swift; sourceTree = "<group>"; };
		5557BFBE2859649F0024F2B3 /* MyInformationTableViewCell.swift */ = {isa = PBXFileReference; lastKnownFileType = sourcecode.swift; path = MyInformationTableViewCell.swift; sourceTree = "<group>"; };
/* End PBXFileReference section */

/* Begin PBXFrameworksBuildPhase section */
		5557BF9E285876420024F2B3 /* Frameworks */ = {
			isa = PBXFrameworksBuildPhase;
			buildActionMask = 2147483647;
			files = (
			);
			runOnlyForDeploymentPostprocessing = 0;
		};
/* End PBXFrameworksBuildPhase section */

/* Begin PBXGroup section */
		5557BF98285876420024F2B3 = {
			isa = PBXGroup;
			children = (
				5557BFA3285876420024F2B3 /* Postpractice_PJ */,
				5557BFA2285876420024F2B3 /* Products */,
			);
			sourceTree = "<group>";
		};
		5557BFA2285876420024F2B3 /* Products */ = {
			isa = PBXGroup;
			children = (
				5557BFA1285876420024F2B3 /* Postpractice_PJ.app */,
			);
			name = Products;
			sourceTree = "<group>";
		};
		5557BFA3285876420024F2B3 /* Postpractice_PJ */ = {
			isa = PBXGroup;
			children = (
				5557BFA4285876420024F2B3 /* AppDelegate.swift */,
				5557BFA6285876420024F2B3 /* SceneDelegate.swift */,
				5557BFAA285876420024F2B3 /* Main.storyboard */,
				5557BFAD285876440024F2B3 /* Assets.xcassets */,
				5557BFAF285876440024F2B3 /* LaunchScreen.storyboard */,
				5557BFB2285876440024F2B3 /* Info.plist */,
				5557BFB8285876BC0024F2B3 /* MainViewController.swift */,
				5557BFBA285963F20024F2B3 /* MyInformation.swift */,
				5557BFBC285964380024F2B3 /* PostUserModel.swift */,
				5557BFBE2859649F0024F2B3 /* MyInformationTableViewCell.swift */,
			);
			path = Postpractice_PJ;
			sourceTree = "<group>";
		};
/* End PBXGroup section */

/* Begin PBXNativeTarget section */
		5557BFA0285876420024F2B3 /* Postpractice_PJ */ = {
			isa = PBXNativeTarget;
			buildConfigurationList = 5557BFB5285876440024F2B3 /* Build configuration list for PBXNativeTarget "Postpractice_PJ" */;
			buildPhases = (
				5557BF9D285876420024F2B3 /* Sources */,
				5557BF9E285876420024F2B3 /* Frameworks */,
				5557BF9F285876420024F2B3 /* Resources */,
			);
			buildRules = (
			);
			dependencies = (
			);
			name = Postpractice_PJ;
			productName = Postpractice_PJ;
			productReference = 5557BFA1285876420024F2B3 /* Postpractice_PJ.app */;
			productType = "com.apple.product-type.application";
		};
/* End PBXNativeTarget section */

/* Begin PBXProject section */
		5557BF99285876420024F2B3 /* Project object */ = {
			isa = PBXProject;
			attributes = {
				LastSwiftUpdateCheck = 1250;
				LastUpgradeCheck = 1250;
				TargetAttributes = {
					5557BFA0285876420024F2B3 = {
						CreatedOnToolsVersion = 12.5.1;
					};
				};
			};
			buildConfigurationList = 5557BF9C285876420024F2B3 /* Build configuration list for PBXProject "Postpractice_PJ" */;
			compatibilityVersion = "Xcode 9.3";
			developmentRegion = en;
			hasScannedForEncodings = 0;
			knownRegions = (
				en,
				Base,
			);
			mainGroup = 5557BF98285876420024F2B3;
			productRefGroup = 5557BFA2285876420024F2B3 /* Products */;
			projectDirPath = "";
			projectRoot = "";
			targets = (
				5557BFA0285876420024F2B3 /* Postpractice_PJ */,
			);
		};
/* End PBXProject section */

/* Begin PBXResourcesBuildPhase section */
		5557BF9F285876420024F2B3 /* Resources */ = {
			isa = PBXResourcesBuildPhase;
			buildActionMask = 2147483647;
			files = (
				5557BFB1285876440024F2B3 /* LaunchScreen.storyboard in Resources */,
				5557BFAE285876440024F2B3 /* Assets.xcassets in Resources */,
				5557BFAC285876420024F2B3 /* Main.storyboard in Resources */,
			);
			runOnlyForDeploymentPostprocessing = 0;
		};
/* End PBXResourcesBuildPhase section */

/* Begin PBXSourcesBuildPhase section */
		5557BF9D285876420024F2B3 /* Sources */ = {
			isa = PBXSourcesBuildPhase;
			buildActionMask = 2147483647;
			files = (
				5557BFB9285876BC0024F2B3 /* MainViewController.swift in Sources */,
				5557BFA5285876420024F2B3 /* AppDelegate.swift in Sources */,
				5557BFBB285963F20024F2B3 /* MyInformation.swift in Sources */,
				5557BFBD285964380024F2B3 /* PostUserModel.swift in Sources */,
				5557BFBF2859649F0024F2B3 /* MyInformationTableViewCell.swift in Sources */,
				5557BFA7285876420024F2B3 /* SceneDelegate.swift in Sources */,
			);
			runOnlyForDeploymentPostprocessing = 0;
		};
/* End PBXSourcesBuildPhase section */

/* Begin PBXVariantGroup section */
		5557BFAA285876420024F2B3 /* Main.storyboard */ = {
			isa = PBXVariantGroup;
			children = (
				5557BFAB285876420024F2B3 /* Base */,
			);
			name = Main.storyboard;
			sourceTree = "<group>";
		};
		5557BFAF285876440024F2B3 /* LaunchScreen.storyboard */ = {
			isa = PBXVariantGroup;
			children = (
				5557BFB0285876440024F2B3 /* Base */,
			);
			name = LaunchScreen.storyboard;
			sourceTree = "<group>";
		};
/* End PBXVariantGroup section */

/* Begin XCBuildConfiguration section */
		5557BFB3285876440024F2B3 /* Debug */ = {
			isa = XCBuildConfiguration;
			buildSettings = {
				ALWAYS_SEARCH_USER_PATHS = NO;
				CLANG_ANALYZER_NONNULL = YES;
				CLANG_ANALYZER_NUMBER_OBJECT_CONVERSION = YES_AGGRESSIVE;
				CLANG_CXX_LANGUAGE_STANDARD = "gnu++14";
				CLANG_CXX_LIBRARY = "libc++";
				CLANG_ENABLE_MODULES = YES;
				CLANG_ENABLE_OBJC_ARC = YES;
				CLANG_ENABLE_OBJC_WEAK = YES;
				CLANG_WARN_BLOCK_CAPTURE_AUTORELEASING = YES;
				CLANG_WARN_BOOL_CONVERSION = YES;
				CLANG_WARN_COMMA = YES;
				CLANG_WARN_CONSTANT_CONVERSION = YES;
				CLANG_WARN_DEPRECATED_OBJC_IMPLEMENTATIONS = YES;
				CLANG_WARN_DIRECT_OBJC_ISA_USAGE = YES_ERROR;
				CLANG_WARN_DOCUMENTATION_COMMENTS = YES;
				CLANG_WARN_EMPTY_BODY = YES;
				CLANG_WARN_ENUM_CONVERSION = YES;
				CLANG_WARN_INFINITE_RECURSION = YES;
				CLANG_WARN_INT_CONVERSION = YES;
				CLANG_WARN_NON_LITERAL_NULL_CONVERSION = YES;
				CLANG_WARN_OBJC_IMPLICIT_RETAIN_SELF = YES;
				CLANG_WARN_OBJC_LITERAL_CONVERSION = YES;
				CLANG_WARN_OBJC_ROOT_CLASS = YES_ERROR;
				CLANG_WARN_QUOTED_INCLUDE_IN_FRAMEWORK_HEADER = YES;
				CLANG_WARN_RANGE_LOOP_ANALYSIS = YES;
				CLANG_WARN_STRICT_PROTOTYPES = YES;
				CLANG_WARN_SUSPICIOUS_MOVE = YES;
				CLANG_WARN_UNGUARDED_AVAILABILITY = YES_AGGRESSIVE;
				CLANG_WARN_UNREACHABLE_CODE = YES;
				CLANG_WARN__DUPLICATE_METHOD_MATCH = YES;
				COPY_PHASE_STRIP = NO;
				DEBUG_INFORMATION_FORMAT = dwarf;
				ENABLE_STRICT_OBJC_MSGSEND = YES;
				ENABLE_TESTABILITY = YES;
				GCC_C_LANGUAGE_STANDARD = gnu11;
				GCC_DYNAMIC_NO_PIC = NO;
				GCC_NO_COMMON_BLOCKS = YES;
				GCC_OPTIMIZATION_LEVEL = 0;
				GCC_PREPROCESSOR_DEFINITIONS = (
					"DEBUG=1",
					"$(inherited)",
				);
				GCC_WARN_64_TO_32_BIT_CONVERSION = YES;
				GCC_WARN_ABOUT_RETURN_TYPE = YES_ERROR;
				GCC_WARN_UNDECLARED_SELECTOR = YES;
				GCC_WARN_UNINITIALIZED_AUTOS = YES_AGGRESSIVE;
				GCC_WARN_UNUSED_FUNCTION = YES;
				GCC_WARN_UNUSED_VARIABLE = YES;
				IPHONEOS_DEPLOYMENT_TARGET = 14.5;
				MTL_ENABLE_DEBUG_INFO = INCLUDE_SOURCE;
				MTL_FAST_MATH = YES;
				ONLY_ACTIVE_ARCH = YES;
				SDKROOT = iphoneos;
				SWIFT_ACTIVE_COMPILATION_CONDITIONS = DEBUG;
				SWIFT_OPTIMIZATION_LEVEL = "-Onone";
			};
			name = Debug;
		};
		5557BFB4285876440024F2B3 /* Release */ = {
			isa = XCBuildConfiguration;
			buildSettings = {
				ALWAYS_SEARCH_USER_PATHS = NO;
				CLANG_ANALYZER_NONNULL = YES;
				CLANG_ANALYZER_NUMBER_OBJECT_CONVERSION = YES_AGGRESSIVE;
				CLANG_CXX_LANGUAGE_STANDARD = "gnu++14";
				CLANG_CXX_LIBRARY = "libc++";
				CLANG_ENABLE_MODULES = YES;
				CLANG_ENABLE_OBJC_ARC = YES;
				CLANG_ENABLE_OBJC_WEAK = YES;
				CLANG_WARN_BLOCK_CAPTURE_AUTORELEASING = YES;
				CLANG_WARN_BOOL_CONVERSION = YES;
				CLANG_WARN_COMMA = YES;
				CLANG_WARN_CONSTANT_CONVERSION = YES;
				CLANG_WARN_DEPRECATED_OBJC_IMPLEMENTATIONS = YES;
				CLANG_WARN_DIRECT_OBJC_ISA_USAGE = YES_ERROR;
				CLANG_WARN_DOCUMENTATION_COMMENTS = YES;
				CLANG_WARN_EMPTY_BODY = YES;
				CLANG_WARN_ENUM_CONVERSION = YES;
				CLANG_WARN_INFINITE_RECURSION = YES;
				CLANG_WARN_INT_CONVERSION = YES;
				CLANG_WARN_NON_LITERAL_NULL_CONVERSION = YES;
				CLANG_WARN_OBJC_IMPLICIT_RETAIN_SELF = YES;
				CLANG_WARN_OBJC_LITERAL_CONVERSION = YES;
				CLANG_WARN_OBJC_ROOT_CLASS = YES_ERROR;
				CLANG_WARN_QUOTED_INCLUDE_IN_FRAMEWORK_HEADER = YES;
				CLANG_WARN_RANGE_LOOP_ANALYSIS = YES;
				CLANG_WARN_STRICT_PROTOTYPES = YES;
				CLANG_WARN_SUSPICIOUS_MOVE = YES;
				CLANG_WARN_UNGUARDED_AVAILABILITY = YES_AGGRESSIVE;
				CLANG_WARN_UNREACHABLE_CODE = YES;
				CLANG_WARN__DUPLICATE_METHOD_MATCH = YES;
				COPY_PHASE_STRIP = NO;
				DEBUG_INFORMATION_FORMAT = "dwarf-with-dsym";
				ENABLE_NS_ASSERTIONS = NO;
				ENABLE_STRICT_OBJC_MSGSEND = YES;
				GCC_C_LANGUAGE_STANDARD = gnu11;
				GCC_NO_COMMON_BLOCKS = YES;
				GCC_WARN_64_TO_32_BIT_CONVERSION = YES;
				GCC_WARN_ABOUT_RETURN_TYPE = YES_ERROR;
				GCC_WARN_UNDECLARED_SELECTOR = YES;
				GCC_WARN_UNINITIALIZED_AUTOS = YES_AGGRESSIVE;
				GCC_WARN_UNUSED_FUNCTION = YES;
				GCC_WARN_UNUSED_VARIABLE = YES;
				IPHONEOS_DEPLOYMENT_TARGET = 14.5;
				MTL_ENABLE_DEBUG_INFO = NO;
				MTL_FAST_MATH = YES;
				SDKROOT = iphoneos;
				SWIFT_COMPILATION_MODE = wholemodule;
				SWIFT_OPTIMIZATION_LEVEL = "-O";
				VALIDATE_PRODUCT = YES;
			};
			name = Release;
		};
		5557BFB6285876440024F2B3 /* Debug */ = {
			isa = XCBuildConfiguration;
			buildSettings = {
				ASSETCATALOG_COMPILER_APPICON_NAME = AppIcon;
				ASSETCATALOG_COMPILER_GLOBAL_ACCENT_COLOR_NAME = AccentColor;
				CODE_SIGN_STYLE = Automatic;
				INFOPLIST_FILE = Postpractice_PJ/Info.plist;
				LD_RUNPATH_SEARCH_PATHS = (
					"$(inherited)",
					"@executable_path/Frameworks",
				);
				PRODUCT_BUNDLE_IDENTIFIER = "com.example.Postpractice-PJ";
				PRODUCT_NAME = "$(TARGET_NAME)";
				SWIFT_VERSION = 5.0;
				TARGETED_DEVICE_FAMILY = "1,2";
			};
			name = Debug;
		};
		5557BFB7285876440024F2B3 /* Release */ = {
			isa = XCBuildConfiguration;
			buildSettings = {
				ASSETCATALOG_COMPILER_APPICON_NAME = AppIcon;
				ASSETCATALOG_COMPILER_GLOBAL_ACCENT_COLOR_NAME = AccentColor;
				CODE_SIGN_STYLE = Automatic;
				INFOPLIST_FILE = Postpractice_PJ/Info.plist;
				LD_RUNPATH_SEARCH_PATHS = (
					"$(inherited)",
					"@executable_path/Frameworks",
				);
				PRODUCT_BUNDLE_IDENTIFIER = "com.example.Postpractice-PJ";
				PRODUCT_NAME = "$(TARGET_NAME)";
				SWIFT_VERSION = 5.0;
				TARGETED_DEVICE_FAMILY = "1,2";
			};
			name = Release;
		};
/* End XCBuildConfiguration section */

/* Begin XCConfigurationList section */
		5557BF9C285876420024F2B3 /* Build configuration list for PBXProject "Postpractice_PJ" */ = {
			isa = XCConfigurationList;
			buildConfigurations = (
				5557BFB3285876440024F2B3 /* Debug */,
				5557BFB4285876440024F2B3 /* Release */,
			);
			defaultConfigurationIsVisible = 0;
			defaultConfigurationName = Release;
		};
		5557BFB5285876440024F2B3 /* Build configuration list for PBXNativeTarget "Postpractice_PJ" */ = {
			isa = XCConfigurationList;
			buildConfigurations = (
				5557BFB6285876440024F2B3 /* Debug */,
				5557BFB7285876440024F2B3 /* Release */,
			);
			defaultConfigurationIsVisible = 0;
			defaultConfigurationName = Release;
		};
/* End XCConfigurationList section */
	};
	rootObject = 5557BF99285876420024F2B3 /* Project object */;
}
